<?xml version="1.0" encoding="utf-8"?>
<Project ToolsVersion="4.0" xmlns="http://schemas.microsoft.com/developer/msbuild/2003">
  <ItemGroup>
    <Filter Include="Core">
      <UniqueIdentifier>{fa3b3094-1e00-45ae-ac9e-9728b37652f0}</UniqueIdentifier>
    </Filter>
    <Filter Include="Scene">
      <UniqueIdentifier>{43dd3465-56b9-4a13-9961-5bbdb488f411}</UniqueIdentifier>
    </Filter>
    <Filter Include="GameObject">
      <UniqueIdentifier>{4FC737F1-C7A5-4376-A066-2A32D752A2FF}</UniqueIdentifier>
      <Extensions>cpp;c;cc;cxx;def;odl;idl;hpj;bat;asm;asmx</Extensions>
    </Filter>
    <Filter Include="Script">
      <UniqueIdentifier>{4f42a833-4c00-492d-ac1d-7eae1589179f}</UniqueIdentifier>
    </Filter>
    <Filter Include="Core\Model">
      <UniqueIdentifier>{eb8b23ec-a3c6-4931-a332-64a56c9b00c8}</UniqueIdentifier>
    </Filter>
    <Filter Include="Shader">
      <UniqueIdentifier>{af8e5dc3-1011-4218-aad7-7ed72a852c52}</UniqueIdentifier>
    </Filter>
  </ItemGroup>
  <ItemGroup>
    <ClCompile Include="Core\System.cpp">
      <Filter>Core</Filter>
    </ClCompile>
    <ClCompile Include="Core\Texture.cpp">
      <Filter>Core</Filter>
    </ClCompile>
    <ClCompile Include="Core\Time.cpp">
      <Filter>Core</Filter>
    </ClCompile>
    <ClCompile Include="Core\Transform.cpp">
      <Filter>Core</Filter>
    </ClCompile>
    <ClCompile Include="Core\Vector.cpp">
      <Filter>Core</Filter>
    </ClCompile>
    <ClCompile Include="Core\Window.cpp">
      <Filter>Core</Filter>
    </ClCompile>
    <ClCompile Include="Core\Billboard.cpp">
      <Filter>Core</Filter>
    </ClCompile>
    <ClCompile Include="Core\Camera.cpp">
      <Filter>Core</Filter>
    </ClCompile>
    <ClCompile Include="Core\Collider.cpp">
      <Filter>Core</Filter>
    </ClCompile>
    <ClCompile Include="Core\Collision.cpp">
      <Filter>Core</Filter>
    </ClCompile>
    <ClCompile Include="Core\Color.cpp">
      <Filter>Core</Filter>
    </ClCompile>
    <ClCompile Include="Core\Common.cpp">
      <Filter>Core</Filter>
    </ClCompile>
    <ClCompile Include="Core\Component.cpp">
      <Filter>Core</Filter>
    </ClCompile>
    <ClCompile Include="Core\Direct3D.cpp">
      <Filter>Core</Filter>
    </ClCompile>
    <ClCompile Include="Core\Drawable.cpp">
      <Filter>Core</Filter>
    </ClCompile>
    <ClCompile Include="Core\Easing.cpp">
      <Filter>Core</Filter>
    </ClCompile>
    <ClCompile Include="Core\Event.cpp">
      <Filter>Core</Filter>
    </ClCompile>
    <ClCompile Include="Core\Game.cpp">
      <Filter>Core</Filter>
    </ClCompile>
    <ClCompile Include="Core\GameManager.cpp">
      <Filter>Core</Filter>
    </ClCompile>
    <ClCompile Include="Core\Input.cpp">
      <Filter>Core</Filter>
    </ClCompile>
    <ClCompile Include="Core\Lerp.cpp">
      <Filter>Core</Filter>
    </ClCompile>
    <ClCompile Include="Core\Object.cpp">
      <Filter>Core</Filter>
    </ClCompile>
    <ClCompile Include="Core\ObjectManager.cpp">
      <Filter>Core</Filter>
    </ClCompile>
    <ClCompile Include="Core\ParticleSystem.cpp">
      <Filter>Core</Filter>
    </ClCompile>
    <ClCompile Include="Core\PerlinNoise.cpp">
      <Filter>Core</Filter>
    </ClCompile>
    <ClCompile Include="Core\Physics.cpp">
      <Filter>Core</Filter>
    </ClCompile>
    <ClCompile Include="Core\Polygon.cpp">
      <Filter>Core</Filter>
    </ClCompile>
    <ClCompile Include="Core\Random.cpp">
      <Filter>Core</Filter>
    </ClCompile>
    <ClCompile Include="Core\Renderer.cpp">
      <Filter>Core</Filter>
    </ClCompile>
    <ClCompile Include="Core\RenderSpace.cpp">
      <Filter>Core</Filter>
    </ClCompile>
    <ClCompile Include="Core\RenderTarget.cpp">
      <Filter>Core</Filter>
    </ClCompile>
    <ClCompile Include="Core\Rigidbody.cpp">
      <Filter>Core</Filter>
    </ClCompile>
    <ClCompile Include="Core\Scene.cpp">
      <Filter>Core</Filter>
    </ClCompile>
    <ClCompile Include="Core\Script.cpp">
      <Filter>Core</Filter>
    </ClCompile>
    <ClCompile Include="Core\Shader.cpp">
      <Filter>Core</Filter>
    </ClCompile>
    <ClCompile Include="Core\Sound.cpp">
      <Filter>Core</Filter>
    </ClCompile>
    <ClCompile Include="main.cpp" />
    <ClCompile Include="SceneGlobal.cpp">
      <Filter>Scene</Filter>
    </ClCompile>
    <ClCompile Include="SceneTest.cpp">
      <Filter>Scene</Filter>
    </ClCompile>
    <ClCompile Include="FadeScreen.cpp">
      <Filter>GameObject</Filter>
    </ClCompile>
    <ClCompile Include="CameraPlay.cpp">
      <Filter>Script</Filter>
    </ClCompile>
    <ClCompile Include="Core\AllocateHirerachy.cpp">
      <Filter>Core\Model</Filter>
    </ClCompile>
    <ClCompile Include="Core\BoneFrame.cpp">
      <Filter>Core\Model</Filter>
    </ClCompile>
    <ClCompile Include="Core\SkinnedModel.cpp">
      <Filter>Core\Model</Filter>
    </ClCompile>
    <ClCompile Include="Core\StaticModel.cpp">
      <Filter>Core\Model</Filter>
    </ClCompile>
    <ClCompile Include="Player.cpp">
      <Filter>GameObject</Filter>
    </ClCompile>
    <ClCompile Include="CameraSmooth.cpp">
      <Filter>Script</Filter>
    </ClCompile>
    <ClCompile Include="Light.cpp" />
    <ClCompile Include="Shadow.cpp">
      <Filter>GameObject</Filter>
    </ClCompile>
    <ClCompile Include="MagicSquare.cpp">
      <Filter>GameObject</Filter>
    </ClCompile>
    <ClCompile Include="Barrier.cpp">
      <Filter>GameObject</Filter>
    </ClCompile>
    <ClCompile Include="EnemyBig.cpp">
      <Filter>GameObject</Filter>
    </ClCompile>
    <ClCompile Include="EnemyBullet.cpp">
      <Filter>GameObject</Filter>
    </ClCompile>
    <ClCompile Include="EnemyNormal.cpp">
      <Filter>GameObject</Filter>
    </ClCompile>
    <ClCompile Include="EnemyRare.cpp">
      <Filter>GameObject</Filter>
    </ClCompile>
    <ClCompile Include="SceneMakotoTest.cpp">
      <Filter>Scene</Filter>
    </ClCompile>
    <ClCompile Include="PlayerBulletShort.cpp">
      <Filter>GameObject</Filter>
    </ClCompile>
    <ClCompile Include="UIHP.cpp">
      <Filter>GameObject</Filter>
    </ClCompile>
    <ClCompile Include="EnemyManager.cpp">
      <Filter>GameObject</Filter>
    </ClCompile>
    <ClCompile Include="Enemy.cpp">
      <Filter>GameObject</Filter>
    </ClCompile>
    <ClCompile Include="SceneTitle.cpp">
      <Filter>Scene</Filter>
    </ClCompile>
    <ClCompile Include="AttackTarget.cpp">
      <Filter>GameObject</Filter>
    </ClCompile>
    <ClCompile Include="SceneGame.cpp">
      <Filter>Scene</Filter>
    </ClCompile>
    <ClCompile Include="Element.cpp">
      <Filter>GameObject</Filter>
    </ClCompile>
    <ClCompile Include="NumberUI.cpp">
      <Filter>GameObject</Filter>
    </ClCompile>
    <ClCompile Include="UIElement.cpp">
      <Filter>GameObject</Filter>
    </ClCompile>
    <ClCompile Include="UIGauge.cpp">
      <Filter>GameObject</Filter>
    </ClCompile>
    <ClCompile Include="UIBigHp.cpp">
      <Filter>GameObject</Filter>
    </ClCompile>
    <ClCompile Include="UIDayTime.cpp">
      <Filter>GameObject</Filter>
    </ClCompile>
  </ItemGroup>
  <ItemGroup>
    <ClInclude Include="Core\System.h">
      <Filter>Core</Filter>
    </ClInclude>
    <ClInclude Include="Core\Texture.h">
      <Filter>Core</Filter>
    </ClInclude>
    <ClInclude Include="Core\Time.h">
      <Filter>Core</Filter>
    </ClInclude>
    <ClInclude Include="Core\Transform.h">
      <Filter>Core</Filter>
    </ClInclude>
    <ClInclude Include="Core\Vector.h">
      <Filter>Core</Filter>
    </ClInclude>
    <ClInclude Include="Core\Window.h">
      <Filter>Core</Filter>
    </ClInclude>
    <ClInclude Include="Core\Billboard.h">
      <Filter>Core</Filter>
    </ClInclude>
    <ClInclude Include="Core\Camera.h">
      <Filter>Core</Filter>
    </ClInclude>
    <ClInclude Include="Core\Collider.h">
      <Filter>Core</Filter>
    </ClInclude>
    <ClInclude Include="Core\Collision.h">
      <Filter>Core</Filter>
    </ClInclude>
    <ClInclude Include="Core\Color.h">
      <Filter>Core</Filter>
    </ClInclude>
    <ClInclude Include="Core\Common.h">
      <Filter>Core</Filter>
    </ClInclude>
    <ClInclude Include="Core\Component.h">
      <Filter>Core</Filter>
    </ClInclude>
    <ClInclude Include="Core\Core.h">
      <Filter>Core</Filter>
    </ClInclude>
    <ClInclude Include="Core\Direct3D.h">
      <Filter>Core</Filter>
    </ClInclude>
    <ClInclude Include="Core\Drawable.h">
      <Filter>Core</Filter>
    </ClInclude>
    <ClInclude Include="Core\Easing.h">
      <Filter>Core</Filter>
    </ClInclude>
    <ClInclude Include="Core\Event.h">
      <Filter>Core</Filter>
    </ClInclude>
    <ClInclude Include="Core\Game.h">
      <Filter>Core</Filter>
    </ClInclude>
    <ClInclude Include="Core\GameManager.h">
      <Filter>Core</Filter>
    </ClInclude>
    <ClInclude Include="Core\Input.h">
      <Filter>Core</Filter>
    </ClInclude>
    <ClInclude Include="Core\Layer.h">
      <Filter>Core</Filter>
    </ClInclude>
    <ClInclude Include="Core\Lerp.h">
      <Filter>Core</Filter>
    </ClInclude>
    <ClInclude Include="Core\Math.h">
      <Filter>Core</Filter>
    </ClInclude>
    <ClInclude Include="Core\Object.h">
      <Filter>Core</Filter>
    </ClInclude>
    <ClInclude Include="Core\ObjectManager.h">
      <Filter>Core</Filter>
    </ClInclude>
    <ClInclude Include="Core\ObjectType.h">
      <Filter>Core</Filter>
    </ClInclude>
    <ClInclude Include="Core\ParticleSystem.h">
      <Filter>Core</Filter>
    </ClInclude>
    <ClInclude Include="Core\PerlinNoise.h">
      <Filter>Core</Filter>
    </ClInclude>
    <ClInclude Include="Core\Physics.h">
      <Filter>Core</Filter>
    </ClInclude>
    <ClInclude Include="Core\Polygon.h">
      <Filter>Core</Filter>
    </ClInclude>
    <ClInclude Include="Core\Random.h">
      <Filter>Core</Filter>
    </ClInclude>
    <ClInclude Include="Core\Renderer.h">
      <Filter>Core</Filter>
    </ClInclude>
    <ClInclude Include="Core\RendererType.h">
      <Filter>Core</Filter>
    </ClInclude>
    <ClInclude Include="Core\RenderSpace.h">
      <Filter>Core</Filter>
    </ClInclude>
    <ClInclude Include="Core\RenderTarget.h">
      <Filter>Core</Filter>
    </ClInclude>
    <ClInclude Include="Core\Rigidbody.h">
      <Filter>Core</Filter>
    </ClInclude>
    <ClInclude Include="Core\Scene.h">
      <Filter>Core</Filter>
    </ClInclude>
    <ClInclude Include="Core\Script.h">
      <Filter>Core</Filter>
    </ClInclude>
    <ClInclude Include="Core\Shader.h">
      <Filter>Core</Filter>
    </ClInclude>
    <ClInclude Include="Core\Singleton.h">
      <Filter>Core</Filter>
    </ClInclude>
    <ClInclude Include="Core\Sound.h">
      <Filter>Core</Filter>
    </ClInclude>
    <ClInclude Include="SceneGlobal.h">
      <Filter>Scene</Filter>
    </ClInclude>
    <ClInclude Include="SceneTest.h">
      <Filter>Scene</Filter>
    </ClInclude>
    <ClInclude Include="FadeScreen.h">
      <Filter>GameObject</Filter>
    </ClInclude>
    <ClInclude Include="CameraPlay.h">
      <Filter>Script</Filter>
    </ClInclude>
    <ClInclude Include="Core\AllocateHirerachy.h">
      <Filter>Core\Model</Filter>
    </ClInclude>
    <ClInclude Include="Core\BoneFrame.h">
      <Filter>Core\Model</Filter>
    </ClInclude>
    <ClInclude Include="Core\SkinnedModel.h">
      <Filter>Core\Model</Filter>
    </ClInclude>
    <ClInclude Include="Core\StaticModel.h">
      <Filter>Core\Model</Filter>
    </ClInclude>
    <ClInclude Include="Player.h">
      <Filter>GameObject</Filter>
    </ClInclude>
    <ClInclude Include="CameraSmooth.h">
      <Filter>Script</Filter>
    </ClInclude>
    <ClInclude Include="Light.h" />
    <ClInclude Include="Shadow.h">
      <Filter>GameObject</Filter>
    </ClInclude>
    <ClInclude Include="MagicSquare.h">
      <Filter>GameObject</Filter>
    </ClInclude>
    <ClInclude Include="Barrier.h">
      <Filter>GameObject</Filter>
    </ClInclude>
    <ClInclude Include="EnemyBig.h">
      <Filter>GameObject</Filter>
    </ClInclude>
    <ClInclude Include="EnemyBullet.h">
      <Filter>GameObject</Filter>
    </ClInclude>
    <ClInclude Include="EnemyNormal.h">
      <Filter>GameObject</Filter>
    </ClInclude>
    <ClInclude Include="EnemyRare.h">
      <Filter>GameObject</Filter>
    </ClInclude>
    <ClInclude Include="SceneMakotoTest.h">
      <Filter>Scene</Filter>
    </ClInclude>
    <ClInclude Include="PlayerBulletShort.h">
      <Filter>GameObject</Filter>
    </ClInclude>
    <ClInclude Include="UIHP.h">
      <Filter>GameObject</Filter>
    </ClInclude>
    <ClInclude Include="EnemyManager.h">
      <Filter>GameObject</Filter>
    </ClInclude>
    <ClInclude Include="Enemy.h">
      <Filter>GameObject</Filter>
    </ClInclude>
    <ClInclude Include="SceneTitle.h">
      <Filter>Scene</Filter>
    </ClInclude>
    <ClInclude Include="SceneGame.h">
      <Filter>Scene</Filter>
    </ClInclude>
    <ClInclude Include="AttackTarget.h">
      <Filter>GameObject</Filter>
    </ClInclude>
    <ClInclude Include="Element.h">
      <Filter>GameObject</Filter>
    </ClInclude>
    <ClInclude Include="NumberUI.h">
      <Filter>GameObject</Filter>
    </ClInclude>
    <ClInclude Include="UIElement.h">
      <Filter>GameObject</Filter>
    </ClInclude>
    <ClInclude Include="UIBigHp.h">
      <Filter>GameObject</Filter>
    </ClInclude>
    <ClInclude Include="UIGauge.h">
      <Filter>GameObject</Filter>
    </ClInclude>
    <ClInclude Include="UIDayTime.h">
      <Filter>GameObject</Filter>
    </ClInclude>
  </ItemGroup>
  <ItemGroup>
    <None Include="Shader\InstancingVS.hlsl">
      <Filter>Shader</Filter>
    </None>
  </ItemGroup>
  <ItemGroup>
    <FxCompile Include="Shader\BarrierPS.hlsl">
      <Filter>Shader</Filter>
    </FxCompile>
  </ItemGroup>
</Project>